
Microsoft Visual Studio Solution File, Format Version 12.00
# Visual Studio 15
VisualStudioVersion = 15.0.27703.2035
MinimumVisualStudioVersion = 10.0.40219.1
Project("{FAE04EC0-301F-11D3-BF4B-00C04F79EFBC}") = "MixcloudBooster", "MixcloudBooster\MixcloudBooster.csproj", "{7D0EB609-D03A-40C3-B75C-FEB04602AE1E}"
EndProject
Project("{FAE04EC0-301F-11D3-BF4B-00C04F79EFBC}") = "Services", "Services\Services.csproj", "{4CA65ACF-25FB-490B-ACC0-3C9EE6216ECC}"
EndProject
Project("{FAE04EC0-301F-11D3-BF4B-00C04F79EFBC}") = "Factories", "Factories\Factories.csproj", "{0C825220-5980-461D-9AA5-57D55437F32E}"
EndProject
Project("{FAE04EC0-301F-11D3-BF4B-00C04F79EFBC}") = "WebDriverServices", "WebDriverServices\WebDriverServices.csproj", "{093E40F0-20A9-4695-BB8D-670D39B8C581}"
EndProject
Global
	GlobalSection(SolutionConfigurationPlatforms) = preSolution
		Debug|Any CPU = Debug|Any CPU
		Release|Any CPU = Release|Any CPU
	EndGlobalSection
	GlobalSection(ProjectConfigurationPlatforms) = postSolution
		{7D0EB609-D03A-40C3-B75C-FEB04602AE1E}.Debug|Any CPU.ActiveCfg = Debug|Any CPU
		{7D0EB609-D03A-40C3-B75C-FEB04602AE1E}.Debug|Any CPU.Build.0 = Debug|Any CPU
		{7D0EB609-D03A-40C3-B75C-FEB04602AE1E}.Release|Any CPU.ActiveCfg = Release|Any CPU
		{7D0EB609-D03A-40C3-B75C-FEB04602AE1E}.Release|Any CPU.Build.0 = Release|Any CPU
		{4CA65ACF-25FB-490B-ACC0-3C9EE6216ECC}.Debug|Any CPU.ActiveCfg = Debug|Any CPU
		{4CA65ACF-25FB-490B-ACC0-3C9EE6216ECC}.Debug|Any CPU.Build.0 = Debug|Any CPU
		{4CA65ACF-25FB-490B-ACC0-3C9EE6216ECC}.Release|Any CPU.ActiveCfg = Release|Any CPU
		{4CA65ACF-25FB-490B-ACC0-3C9EE6216ECC}.Release|Any CPU.Build.0 = Release|Any CPU
		{0C825220-5980-461D-9AA5-57D55437F32E}.Debug|Any CPU.ActiveCfg = Debug|Any CPU
		{0C825220-5980-461D-9AA5-57D55437F32E}.Debug|Any CPU.Build.0 = Debug|Any CPU
		{0C825220-5980-461D-9AA5-57D55437F32E}.Release|Any CPU.ActiveCfg = Release|Any CPU
		{0C825220-5980-461D-9AA5-57D55437F32E}.Release|Any CPU.Build.0 = Release|Any CPU
		{093E40F0-20A9-4695-BB8D-670D39B8C581}.Debug|Any CPU.ActiveCfg = Debug|Any CPU
		{093E40F0-20A9-4695-BB8D-670D39B8C581}.Debug|Any CPU.Build.0 = Debug|Any CPU
		{093E40F0-20A9-4695-BB8D-670D39B8C581}.Release|Any CPU.ActiveCfg = Release|Any CPU
		{093E40F0-20A9-4695-BB8D-670D39B8C581}.Release|Any CPU.Build.0 = Release|Any CPU
	EndGlobalSection
	GlobalSection(SolutionProperties) = preSolution
		HideSolutionNode = FALSE
	EndGlobalSection
	GlobalSection(ExtensibilityGlobals) = postSolution
		SolutionGuid = {E17711B4-8776-4FC2-9269-634FCD6A89AA}
	EndGlobalSection
EndGlobal
